# This file is automatically @generated by Cargo.
# It is not intended for manual editing.
version = 4

[[package]]
name = "a2-audio-core"
version = "0.0.0"
dependencies = [
 "a2-audio-host-api",
]

[[package]]
name = "a2-audio-host-api"
version = "0.0.0"

[[package]]
name = "a2-audio-node"
version = "0.0.0"
dependencies = [
 "a2-audio-core",
 "a2-audio-host-api",
]
